
Microsoft Visual Studio Solution File, Format Version 12.00
# Visual Studio 15
VisualStudioVersion = 15.0.27703.2026
MinimumVisualStudioVersion = 10.0.40219.1
Project("{888888A0-9F3D-457C-B088-3A5042F75D52}") = "PythonCreateFile", "PythonCreateFile\PythonCreateFile.pyproj", "{C00F50A3-DE43-46F4-B363-91C302691048}"
EndProject
Global
	GlobalSection(SolutionConfigurationPlatforms) = preSolution
		Debug|Any CPU = Debug|Any CPU
		Release|Any CPU = Release|Any CPU
	EndGlobalSection
	GlobalSection(ProjectConfigurationPlatforms) = postSolution
		{C00F50A3-DE43-46F4-B363-91C302691048}.Debug|Any CPU.ActiveCfg = Debug|Any CPU
		{C00F50A3-DE43-46F4-B363-91C302691048}.Release|Any CPU.ActiveCfg = Release|Any CPU
	EndGlobalSection
	GlobalSection(SolutionProperties) = preSolution
		HideSolutionNode = FALSE
	EndGlobalSection
	GlobalSection(ExtensibilityGlobals) = postSolution
		SolutionGuid = {11691B30-5DA3-48E0-B81D-AC17CA3B7DD6}
	EndGlobalSection
EndGlobal
